// !$*UTF8*$!
{
	archiveVersion = 1;
	classes = {
	};
	objectVersion = 50;
	objects = {

/* Begin PBXBuildFile section */
		D46FFD94255D76E0003681A0 /* AppDelegate.swift in Sources */ = {isa = PBXBuildFile; fileRef = D46FFD93255D76E0003681A0 /* AppDelegate.swift */; };
		D46FFD96255D76E0003681A0 /* ContentView.swift in Sources */ = {isa = PBXBuildFile; fileRef = D46FFD95255D76E0003681A0 /* ContentView.swift */; };
		D46FFD98255D76E5003681A0 /* Assets.xcassets in Resources */ = {isa = PBXBuildFile; fileRef = D46FFD97255D76E5003681A0 /* Assets.xcassets */; };
		D46FFD9B255D76E5003681A0 /* Preview Assets.xcassets in Resources */ = {isa = PBXBuildFile; fileRef = D46FFD9A255D76E5003681A0 /* Preview Assets.xcassets */; };
		D46FFD9E255D76E5003681A0 /* Main.storyboard in Resources */ = {isa = PBXBuildFile; fileRef = D46FFD9C255D76E5003681A0 /* Main.storyboard */; };
		D46FFDA8255D7806003681A0 /* Card.swift in Sources */ = {isa = PBXBuildFile; fileRef = D46FFDA7255D7805003681A0 /* Card.swift */; };
		D46FFDAB255D8807003681A0 /* CardDesigns.swift in Sources */ = {isa = PBXBuildFile; fileRef = D46FFDAA255D8807003681A0 /* CardDesigns.swift */; };
		D46FFDAE255D89F8003681A0 /* SuitView.swift in Sources */ = {isa = PBXBuildFile; fileRef = D46FFDAD255D89F8003681A0 /* SuitView.swift */; };
		D46FFDB1255D961D003681A0 /* DeckAndStockPile.swift in Sources */ = {isa = PBXBuildFile; fileRef = D46FFDB0255D961D003681A0 /* DeckAndStockPile.swift */; };
		D46FFDB4255DAD06003681A0 /* Tableau.swift in Sources */ = {isa = PBXBuildFile; fileRef = D46FFDB3255DAD06003681A0 /* Tableau.swift */; };
		D48FD7BE255E3B5D00FADCDA /* Foundation.swift in Sources */ = {isa = PBXBuildFile; fileRef = D48FD7BD255E3B5D00FADCDA /* Foundation.swift */; };
		D48FD7C1255E3DF300FADCDA /* RowCardsView.swift in Sources */ = {isa = PBXBuildFile; fileRef = D48FD7C0255E3DF300FADCDA /* RowCardsView.swift */; };
/* End PBXBuildFile section */

/* Begin PBXFileReference section */
		D46FFD90255D76E0003681A0 /* Osmosis.app */ = {isa = PBXFileReference; explicitFileType = wrapper.application; includeInIndex = 0; path = Osmosis.app; sourceTree = BUILT_PRODUCTS_DIR; };
		D46FFD93255D76E0003681A0 /* AppDelegate.swift */ = {isa = PBXFileReference; lastKnownFileType = sourcecode.swift; path = AppDelegate.swift; sourceTree = "<group>"; };
		D46FFD95255D76E0003681A0 /* ContentView.swift */ = {isa = PBXFileReference; lastKnownFileType = sourcecode.swift; path = ContentView.swift; sourceTree = "<group>"; };
		D46FFD97255D76E5003681A0 /* Assets.xcassets */ = {isa = PBXFileReference; lastKnownFileType = folder.assetcatalog; path = Assets.xcassets; sourceTree = "<group>"; };
		D46FFD9A255D76E5003681A0 /* Preview Assets.xcassets */ = {isa = PBXFileReference; lastKnownFileType = folder.assetcatalog; path = "Preview Assets.xcassets"; sourceTree = "<group>"; };
		D46FFD9D255D76E5003681A0 /* Base */ = {isa = PBXFileReference; lastKnownFileType = file.storyboard; name = Base; path = Base.lproj/Main.storyboard; sourceTree = "<group>"; };
		D46FFD9F255D76E5003681A0 /* Info.plist */ = {isa = PBXFileReference; lastKnownFileType = text.plist.xml; path = Info.plist; sourceTree = "<group>"; };
		D46FFDA0255D76E5003681A0 /* Osmosis.entitlements */ = {isa = PBXFileReference; lastKnownFileType = text.plist.entitlements; path = Osmosis.entitlements; sourceTree = "<group>"; };
		D46FFDA7255D7805003681A0 /* Card.swift */ = {isa = PBXFileReference; lastKnownFileType = sourcecode.swift; path = Card.swift; sourceTree = "<group>"; };
		D46FFDAA255D8807003681A0 /* CardDesigns.swift */ = {isa = PBXFileReference; lastKnownFileType = sourcecode.swift; path = CardDesigns.swift; sourceTree = "<group>"; };
		D46FFDAD255D89F8003681A0 /* SuitView.swift */ = {isa = PBXFileReference; lastKnownFileType = sourcecode.swift; path = SuitView.swift; sourceTree = "<group>"; };
		D46FFDB0255D961D003681A0 /* DeckAndStockPile.swift */ = {isa = PBXFileReference; lastKnownFileType = sourcecode.swift; path = DeckAndStockPile.swift; sourceTree = "<group>"; };
		D46FFDB3255DAD06003681A0 /* Tableau.swift */ = {isa = PBXFileReference; lastKnownFileType = sourcecode.swift; path = Tableau.swift; sourceTree = "<group>"; };
		D48FD7BD255E3B5D00FADCDA /* Foundation.swift */ = {isa = PBXFileReference; lastKnownFileType = sourcecode.swift; path = Foundation.swift; sourceTree = "<group>"; };
		D48FD7C0255E3DF300FADCDA /* RowCardsView.swift */ = {isa = PBXFileReference; lastKnownFileType = sourcecode.swift; path = RowCardsView.swift; sourceTree = "<group>"; };
/* End PBXFileReference section */

/* Begin PBXFrameworksBuildPhase section */
		D46FFD8D255D76E0003681A0 /* Frameworks */ = {
			isa = PBXFrameworksBuildPhase;
			buildActionMask = 2147483647;
			files = (
			);
			runOnlyForDeploymentPostprocessing = 0;
		};
/* End PBXFrameworksBuildPhase section */

/* Begin PBXGroup section */
		D46FFD87255D76E0003681A0 = {
			isa = PBXGroup;
			children = (
				D46FFD92255D76E0003681A0 /* Osmosis */,
				D46FFD91255D76E0003681A0 /* Products */,
			);
			sourceTree = "<group>";
		};
		D46FFD91255D76E0003681A0 /* Products */ = {
			isa = PBXGroup;
			children = (
				D46FFD90255D76E0003681A0 /* Osmosis.app */,
			);
			name = Products;
			sourceTree = "<group>";
		};
		D46FFD92255D76E0003681A0 /* Osmosis */ = {
			isa = PBXGroup;
			children = (
				D46FFD93255D76E0003681A0 /* AppDelegate.swift */,
				D46FFD95255D76E0003681A0 /* ContentView.swift */,
				D46FFD97255D76E5003681A0 /* Assets.xcassets */,
				D46FFD9C255D76E5003681A0 /* Main.storyboard */,
				D46FFD9F255D76E5003681A0 /* Info.plist */,
				D46FFDA0255D76E5003681A0 /* Osmosis.entitlements */,
				D46FFD99255D76E5003681A0 /* Preview Content */,
				D46FFDA7255D7805003681A0 /* Card.swift */,
				D46FFDAA255D8807003681A0 /* CardDesigns.swift */,
				D46FFDAD255D89F8003681A0 /* SuitView.swift */,
				D46FFDB0255D961D003681A0 /* DeckAndStockPile.swift */,
				D46FFDB3255DAD06003681A0 /* Tableau.swift */,
				D48FD7BD255E3B5D00FADCDA /* Foundation.swift */,
				D48FD7C0255E3DF300FADCDA /* RowCardsView.swift */,
			);
			path = Osmosis;
			sourceTree = "<group>";
		};
		D46FFD99255D76E5003681A0 /* Preview Content */ = {
			isa = PBXGroup;
			children = (
				D46FFD9A255D76E5003681A0 /* Preview Assets.xcassets */,
			);
			path = "Preview Content";
			sourceTree = "<group>";
		};
/* End PBXGroup section */

/* Begin PBXNativeTarget section */
		D46FFD8F255D76E0003681A0 /* Osmosis */ = {
			isa = PBXNativeTarget;
			buildConfigurationList = D46FFDA3255D76E5003681A0 /* Build configuration list for PBXNativeTarget "Osmosis" */;
			buildPhases = (
				D46FFD8C255D76E0003681A0 /* Sources */,
				D46FFD8D255D76E0003681A0 /* Frameworks */,
				D46FFD8E255D76E0003681A0 /* Resources */,
			);
			buildRules = (
			);
			dependencies = (
			);
			name = Osmosis;
			productName = Osmosis;
			productReference = D46FFD90255D76E0003681A0 /* Osmosis.app */;
			productType = "com.apple.product-type.application";
		};
/* End PBXNativeTarget section */

/* Begin PBXProject section */
		D46FFD88255D76E0003681A0 /* Project object */ = {
			isa = PBXProject;
			attributes = {
				LastSwiftUpdateCheck = 1200;
				LastUpgradeCheck = 1200;
				TargetAttributes = {
					D46FFD8F255D76E0003681A0 = {
						CreatedOnToolsVersion = 12.0;
					};
				};
			};
			buildConfigurationList = D46FFD8B255D76E0003681A0 /* Build configuration list for PBXProject "Osmosis" */;
			compatibilityVersion = "Xcode 9.3";
			developmentRegion = en;
			hasScannedForEncodings = 0;
			knownRegions = (
				en,
				Base,
			);
			mainGroup = D46FFD87255D76E0003681A0;
			productRefGroup = D46FFD91255D76E0003681A0 /* Products */;
			projectDirPath = "";
			projectRoot = "";
			targets = (
				D46FFD8F255D76E0003681A0 /* Osmosis */,
			);
		};
/* End PBXProject section */

/* Begin PBXResourcesBuildPhase section */
		D46FFD8E255D76E0003681A0 /* Resources */ = {
			isa = PBXResourcesBuildPhase;
			buildActionMask = 2147483647;
			files = (
				D46FFD9E255D76E5003681A0 /* Main.storyboard in Resources */,
				D46FFD9B255D76E5003681A0 /* Preview Assets.xcassets in Resources */,
				D46FFD98255D76E5003681A0 /* Assets.xcassets in Resources */,
			);
			runOnlyForDeploymentPostprocessing = 0;
		};
/* End PBXResourcesBuildPhase section */

/* Begin PBXSourcesBuildPhase section */
		D46FFD8C255D76E0003681A0 /* Sources */ = {
			isa = PBXSourcesBuildPhase;
			buildActionMask = 2147483647;
			files = (
				D46FFD96255D76E0003681A0 /* ContentView.swift in Sources */,
				D46FFDA8255D7806003681A0 /* Card.swift in Sources */,
				D48FD7BE255E3B5D00FADCDA /* Foundation.swift in Sources */,
				D46FFDB4255DAD06003681A0 /* Tableau.swift in Sources */,
				D48FD7C1255E3DF300FADCDA /* RowCardsView.swift in Sources */,
				D46FFD94255D76E0003681A0 /* AppDelegate.swift in Sources */,
				D46FFDB1255D961D003681A0 /* DeckAndStockPile.swift in Sources */,
				D46FFDAB255D8807003681A0 /* CardDesigns.swift in Sources */,
				D46FFDAE255D89F8003681A0 /* SuitView.swift in Sources */,
			);
			runOnlyForDeploymentPostprocessing = 0;
		};
/* End PBXSourcesBuildPhase section */

/* Begin PBXVariantGroup section */
		D46FFD9C255D76E5003681A0 /* Main.storyboard */ = {
			isa = PBXVariantGroup;
			children = (
				D46FFD9D255D76E5003681A0 /* Base */,
			);
			name = Main.storyboard;
			sourceTree = "<group>";
		};
/* End PBXVariantGroup section */

/* Begin XCBuildConfiguration section */
		D46FFDA1255D76E5003681A0 /* Debug */ = {
			isa = XCBuildConfiguration;
			buildSettings = {
				ALWAYS_SEARCH_USER_PATHS = NO;
				CLANG_ANALYZER_NONNULL = YES;
				CLANG_ANALYZER_NUMBER_OBJECT_CONVERSION = YES_AGGRESSIVE;
				CLANG_CXX_LANGUAGE_STANDARD = "gnu++14";
				CLANG_CXX_LIBRARY = "libc++";
				CLANG_ENABLE_MODULES = YES;
				CLANG_ENABLE_OBJC_ARC = YES;
				CLANG_ENABLE_OBJC_WEAK = YES;
				CLANG_WARN_BLOCK_CAPTURE_AUTORELEASING = YES;
				CLANG_WARN_BOOL_CONVERSION = YES;
				CLANG_WARN_COMMA = YES;
				CLANG_WARN_CONSTANT_CONVERSION = YES;
				CLANG_WARN_DEPRECATED_OBJC_IMPLEMENTATIONS = YES;
				CLANG_WARN_DIRECT_OBJC_ISA_USAGE = YES_ERROR;
				CLANG_WARN_DOCUMENTATION_COMMENTS = YES;
				CLANG_WARN_EMPTY_BODY = YES;
				CLANG_WARN_ENUM_CONVERSION = YES;
				CLANG_WARN_INFINITE_RECURSION = YES;
				CLANG_WARN_INT_CONVERSION = YES;
				CLANG_WARN_NON_LITERAL_NULL_CONVERSION = YES;
				CLANG_WARN_OBJC_IMPLICIT_RETAIN_SELF = YES;
				CLANG_WARN_OBJC_LITERAL_CONVERSION = YES;
				CLANG_WARN_OBJC_ROOT_CLASS = YES_ERROR;
				CLANG_WARN_QUOTED_INCLUDE_IN_FRAMEWORK_HEADER = YES;
				CLANG_WARN_RANGE_LOOP_ANALYSIS = YES;
				CLANG_WARN_STRICT_PROTOTYPES = YES;
				CLANG_WARN_SUSPICIOUS_MOVE = YES;
				CLANG_WARN_UNGUARDED_AVAILABILITY = YES_AGGRESSIVE;
				CLANG_WARN_UNREACHABLE_CODE = YES;
				CLANG_WARN__DUPLICATE_METHOD_MATCH = YES;
				COPY_PHASE_STRIP = NO;
				DEBUG_INFORMATION_FORMAT = dwarf;
				ENABLE_STRICT_OBJC_MSGSEND = YES;
				ENABLE_TESTABILITY = YES;
				GCC_C_LANGUAGE_STANDARD = gnu11;
				GCC_DYNAMIC_NO_PIC = NO;
				GCC_NO_COMMON_BLOCKS = YES;
				GCC_OPTIMIZATION_LEVEL = 0;
				GCC_PREPROCESSOR_DEFINITIONS = (
					"DEBUG=1",
					"$(inherited)",
				);
				GCC_WARN_64_TO_32_BIT_CONVERSION = YES;
				GCC_WARN_ABOUT_RETURN_TYPE = YES_ERROR;
				GCC_WARN_UNDECLARED_SELECTOR = YES;
				GCC_WARN_UNINITIALIZED_AUTOS = YES_AGGRESSIVE;
				GCC_WARN_UNUSED_FUNCTION = YES;
				GCC_WARN_UNUSED_VARIABLE = YES;
				MACOSX_DEPLOYMENT_TARGET = 10.15;
				MTL_ENABLE_DEBUG_INFO = INCLUDE_SOURCE;
				MTL_FAST_MATH = YES;
				ONLY_ACTIVE_ARCH = YES;
				SDKROOT = macosx;
				SWIFT_ACTIVE_COMPILATION_CONDITIONS = DEBUG;
				SWIFT_OPTIMIZATION_LEVEL = "-Onone";
			};
			name = Debug;
		};
		D46FFDA2255D76E5003681A0 /* Release */ = {
			isa = XCBuildConfiguration;
			buildSettings = {
				ALWAYS_SEARCH_USER_PATHS = NO;
				CLANG_ANALYZER_NONNULL = YES;
				CLANG_ANALYZER_NUMBER_OBJECT_CONVERSION = YES_AGGRESSIVE;
				CLANG_CXX_LANGUAGE_STANDARD = "gnu++14";
				CLANG_CXX_LIBRARY = "libc++";
				CLANG_ENABLE_MODULES = YES;
				CLANG_ENABLE_OBJC_ARC = YES;
				CLANG_ENABLE_OBJC_WEAK = YES;
				CLANG_WARN_BLOCK_CAPTURE_AUTORELEASING = YES;
				CLANG_WARN_BOOL_CONVERSION = YES;
				CLANG_WARN_COMMA = YES;
				CLANG_WARN_CONSTANT_CONVERSION = YES;
				CLANG_WARN_DEPRECATED_OBJC_IMPLEMENTATIONS = YES;
				CLANG_WARN_DIRECT_OBJC_ISA_USAGE = YES_ERROR;
				CLANG_WARN_DOCUMENTATION_COMMENTS = YES;
				CLANG_WARN_EMPTY_BODY = YES;
				CLANG_WARN_ENUM_CONVERSION = YES;
				CLANG_WARN_INFINITE_RECURSION = YES;
				CLANG_WARN_INT_CONVERSION = YES;
				CLANG_WARN_NON_LITERAL_NULL_CONVERSION = YES;
				CLANG_WARN_OBJC_IMPLICIT_RETAIN_SELF = YES;
				CLANG_WARN_OBJC_LITERAL_CONVERSION = YES;
				CLANG_WARN_OBJC_ROOT_CLASS = YES_ERROR;
				CLANG_WARN_QUOTED_INCLUDE_IN_FRAMEWORK_HEADER = YES;
				CLANG_WARN_RANGE_LOOP_ANALYSIS = YES;
				CLANG_WARN_STRICT_PROTOTYPES = YES;
				CLANG_WARN_SUSPICIOUS_MOVE = YES;
				CLANG_WARN_UNGUARDED_AVAILABILITY = YES_AGGRESSIVE;
				CLANG_WARN_UNREACHABLE_CODE = YES;
				CLANG_WARN__DUPLICATE_METHOD_MATCH = YES;
				COPY_PHASE_STRIP = NO;
				DEBUG_INFORMATION_FORMAT = "dwarf-with-dsym";
				ENABLE_NS_ASSERTIONS = NO;
				ENABLE_STRICT_OBJC_MSGSEND = YES;
				GCC_C_LANGUAGE_STANDARD = gnu11;
				GCC_NO_COMMON_BLOCKS = YES;
				GCC_WARN_64_TO_32_BIT_CONVERSION = YES;
				GCC_WARN_ABOUT_RETURN_TYPE = YES_ERROR;
				GCC_WARN_UNDECLARED_SELECTOR = YES;
				GCC_WARN_UNINITIALIZED_AUTOS = YES_AGGRESSIVE;
				GCC_WARN_UNUSED_FUNCTION = YES;
				GCC_WARN_UNUSED_VARIABLE = YES;
				MACOSX_DEPLOYMENT_TARGET = 10.15;
				MTL_ENABLE_DEBUG_INFO = NO;
				MTL_FAST_MATH = YES;
				SDKROOT = macosx;
				SWIFT_COMPILATION_MODE = wholemodule;
				SWIFT_OPTIMIZATION_LEVEL = "-O";
			};
			name = Release;
		};
		D46FFDA4255D76E5003681A0 /* Debug */ = {
			isa = XCBuildConfiguration;
			buildSettings = {
				ASSETCATALOG_COMPILER_APPICON_NAME = AppIcon;
				ASSETCATALOG_COMPILER_GLOBAL_ACCENT_COLOR_NAME = AccentColor;
				CODE_SIGN_ENTITLEMENTS = Osmosis/Osmosis.entitlements;
				CODE_SIGN_STYLE = Automatic;
				COMBINE_HIDPI_IMAGES = YES;
				DEVELOPMENT_ASSET_PATHS = "\"Osmosis/Preview Content\"";
				DEVELOPMENT_TEAM = DSDJBCKZT4;
				ENABLE_HARDENED_RUNTIME = YES;
				ENABLE_PREVIEWS = YES;
				INFOPLIST_FILE = Osmosis/Info.plist;
				LD_RUNPATH_SEARCH_PATHS = (
					"$(inherited)",
					"@executable_path/../Frameworks",
				);
				MACOSX_DEPLOYMENT_TARGET = 10.15;
				PRODUCT_BUNDLE_IDENTIFIER = home.Osmosis;
				PRODUCT_NAME = "$(TARGET_NAME)";
				SWIFT_VERSION = 5.0;
			};
			name = Debug;
		};
		D46FFDA5255D76E5003681A0 /* Release */ = {
			isa = XCBuildConfiguration;
			buildSettings = {
				ASSETCATALOG_COMPILER_APPICON_NAME = AppIcon;
				ASSETCATALOG_COMPILER_GLOBAL_ACCENT_COLOR_NAME = AccentColor;
				CODE_SIGN_ENTITLEMENTS = Osmosis/Osmosis.entitlements;
				CODE_SIGN_STYLE = Automatic;
				COMBINE_HIDPI_IMAGES = YES;
				DEVELOPMENT_ASSET_PATHS = "\"Osmosis/Preview Content\"";
				DEVELOPMENT_TEAM = DSDJBCKZT4;
				ENABLE_HARDENED_RUNTIME = YES;
				ENABLE_PREVIEWS = YES;
				INFOPLIST_FILE = Osmosis/Info.plist;
				LD_RUNPATH_SEARCH_PATHS = (
					"$(inherited)",
					"@executable_path/../Frameworks",
				);
				MACOSX_DEPLOYMENT_TARGET = 10.15;
				PRODUCT_BUNDLE_IDENTIFIER = home.Osmosis;
				PRODUCT_NAME = "$(TARGET_NAME)";
				SWIFT_VERSION = 5.0;
			};
			name = Release;
		};
/* End XCBuildConfiguration section */

/* Begin XCConfigurationList section */
		D46FFD8B255D76E0003681A0 /* Build configuration list for PBXProject "Osmosis" */ = {
			isa = XCConfigurationList;
			buildConfigurations = (
				D46FFDA1255D76E5003681A0 /* Debug */,
				D46FFDA2255D76E5003681A0 /* Release */,
			);
			defaultConfigurationIsVisible = 0;
			defaultConfigurationName = Release;
		};
		D46FFDA3255D76E5003681A0 /* Build configuration list for PBXNativeTarget "Osmosis" */ = {
			isa = XCConfigurationList;
			buildConfigurations = (
				D46FFDA4255D76E5003681A0 /* Debug */,
				D46FFDA5255D76E5003681A0 /* Release */,
			);
			defaultConfigurationIsVisible = 0;
			defaultConfigurationName = Release;
		};
/* End XCConfigurationList section */
	};
	rootObject = D46FFD88255D76E0003681A0 /* Project object */;
}
